
Microsoft Visual Studio Solution File, Format Version 12.00
# Visual Studio Version 17
VisualStudioVersion = 17.0.31903.59
MinimumVisualStudioVersion = 10.0.40219.1
Project("{FAE04EC0-301F-11D3-BF4B-00C04F79EFBC}") = "API", "API\API.csproj", "{F4CC8455-FFAE-440D-AE29-DE824AEA7F48}"
EndProject
Project("{FAE04EC0-301F-11D3-BF4B-00C04F79EFBC}") = "Domain", "Domain\Domain.csproj", "{EDA1D78F-6C43-4EFE-9192-B7168519A624}"
EndProject
Project("{FAE04EC0-301F-11D3-BF4B-00C04F79EFBC}") = "Application", "Application\Application.csproj", "{70619726-0446-481B-883C-4F7FAC5BAC54}"
EndProject
Project("{FAE04EC0-301F-11D3-BF4B-00C04F79EFBC}") = "Persistence", "Persistence\Persistence.csproj", "{EB98429A-F320-4DBE-9100-93DDF0242DDF}"
EndProject
Global
	GlobalSection(SolutionConfigurationPlatforms) = preSolution
		Debug|Any CPU = Debug|Any CPU
		Debug|x64 = Debug|x64
		Debug|x86 = Debug|x86
		Release|Any CPU = Release|Any CPU
		Release|x64 = Release|x64
		Release|x86 = Release|x86
	EndGlobalSection
	GlobalSection(ProjectConfigurationPlatforms) = postSolution
		{F4CC8455-FFAE-440D-AE29-DE824AEA7F48}.Debug|Any CPU.ActiveCfg = Debug|Any CPU
		{F4CC8455-FFAE-440D-AE29-DE824AEA7F48}.Debug|Any CPU.Build.0 = Debug|Any CPU
		{F4CC8455-FFAE-440D-AE29-DE824AEA7F48}.Debug|x64.ActiveCfg = Debug|Any CPU
		{F4CC8455-FFAE-440D-AE29-DE824AEA7F48}.Debug|x64.Build.0 = Debug|Any CPU
		{F4CC8455-FFAE-440D-AE29-DE824AEA7F48}.Debug|x86.ActiveCfg = Debug|Any CPU
		{F4CC8455-FFAE-440D-AE29-DE824AEA7F48}.Debug|x86.Build.0 = Debug|Any CPU
		{F4CC8455-FFAE-440D-AE29-DE824AEA7F48}.Release|Any CPU.ActiveCfg = Release|Any CPU
		{F4CC8455-FFAE-440D-AE29-DE824AEA7F48}.Release|Any CPU.Build.0 = Release|Any CPU
		{F4CC8455-FFAE-440D-AE29-DE824AEA7F48}.Release|x64.ActiveCfg = Release|Any CPU
		{F4CC8455-FFAE-440D-AE29-DE824AEA7F48}.Release|x64.Build.0 = Release|Any CPU
		{F4CC8455-FFAE-440D-AE29-DE824AEA7F48}.Release|x86.ActiveCfg = Release|Any CPU
		{F4CC8455-FFAE-440D-AE29-DE824AEA7F48}.Release|x86.Build.0 = Release|Any CPU
		{EDA1D78F-6C43-4EFE-9192-B7168519A624}.Debug|Any CPU.ActiveCfg = Debug|Any CPU
		{EDA1D78F-6C43-4EFE-9192-B7168519A624}.Debug|Any CPU.Build.0 = Debug|Any CPU
		{EDA1D78F-6C43-4EFE-9192-B7168519A624}.Debug|x64.ActiveCfg = Debug|Any CPU
		{EDA1D78F-6C43-4EFE-9192-B7168519A624}.Debug|x64.Build.0 = Debug|Any CPU
		{EDA1D78F-6C43-4EFE-9192-B7168519A624}.Debug|x86.ActiveCfg = Debug|Any CPU
		{EDA1D78F-6C43-4EFE-9192-B7168519A624}.Debug|x86.Build.0 = Debug|Any CPU
		{EDA1D78F-6C43-4EFE-9192-B7168519A624}.Release|Any CPU.ActiveCfg = Release|Any CPU
		{EDA1D78F-6C43-4EFE-9192-B7168519A624}.Release|Any CPU.Build.0 = Release|Any CPU
		{EDA1D78F-6C43-4EFE-9192-B7168519A624}.Release|x64.ActiveCfg = Release|Any CPU
		{EDA1D78F-6C43-4EFE-9192-B7168519A624}.Release|x64.Build.0 = Release|Any CPU
		{EDA1D78F-6C43-4EFE-9192-B7168519A624}.Release|x86.ActiveCfg = Release|Any CPU
		{EDA1D78F-6C43-4EFE-9192-B7168519A624}.Release|x86.Build.0 = Release|Any CPU
		{70619726-0446-481B-883C-4F7FAC5BAC54}.Debug|Any CPU.ActiveCfg = Debug|Any CPU
		{70619726-0446-481B-883C-4F7FAC5BAC54}.Debug|Any CPU.Build.0 = Debug|Any CPU
		{70619726-0446-481B-883C-4F7FAC5BAC54}.Debug|x64.ActiveCfg = Debug|Any CPU
		{70619726-0446-481B-883C-4F7FAC5BAC54}.Debug|x64.Build.0 = Debug|Any CPU
		{70619726-0446-481B-883C-4F7FAC5BAC54}.Debug|x86.ActiveCfg = Debug|Any CPU
		{70619726-0446-481B-883C-4F7FAC5BAC54}.Debug|x86.Build.0 = Debug|Any CPU
		{70619726-0446-481B-883C-4F7FAC5BAC54}.Release|Any CPU.ActiveCfg = Release|Any CPU
		{70619726-0446-481B-883C-4F7FAC5BAC54}.Release|Any CPU.Build.0 = Release|Any CPU
		{70619726-0446-481B-883C-4F7FAC5BAC54}.Release|x64.ActiveCfg = Release|Any CPU
		{70619726-0446-481B-883C-4F7FAC5BAC54}.Release|x64.Build.0 = Release|Any CPU
		{70619726-0446-481B-883C-4F7FAC5BAC54}.Release|x86.ActiveCfg = Release|Any CPU
		{70619726-0446-481B-883C-4F7FAC5BAC54}.Release|x86.Build.0 = Release|Any CPU
		{EB98429A-F320-4DBE-9100-93DDF0242DDF}.Debug|Any CPU.ActiveCfg = Debug|Any CPU
		{EB98429A-F320-4DBE-9100-93DDF0242DDF}.Debug|Any CPU.Build.0 = Debug|Any CPU
		{EB98429A-F320-4DBE-9100-93DDF0242DDF}.Debug|x64.ActiveCfg = Debug|Any CPU
		{EB98429A-F320-4DBE-9100-93DDF0242DDF}.Debug|x64.Build.0 = Debug|Any CPU
		{EB98429A-F320-4DBE-9100-93DDF0242DDF}.Debug|x86.ActiveCfg = Debug|Any CPU
		{EB98429A-F320-4DBE-9100-93DDF0242DDF}.Debug|x86.Build.0 = Debug|Any CPU
		{EB98429A-F320-4DBE-9100-93DDF0242DDF}.Release|Any CPU.ActiveCfg = Release|Any CPU
		{EB98429A-F320-4DBE-9100-93DDF0242DDF}.Release|Any CPU.Build.0 = Release|Any CPU
		{EB98429A-F320-4DBE-9100-93DDF0242DDF}.Release|x64.ActiveCfg = Release|Any CPU
		{EB98429A-F320-4DBE-9100-93DDF0242DDF}.Release|x64.Build.0 = Release|Any CPU
		{EB98429A-F320-4DBE-9100-93DDF0242DDF}.Release|x86.ActiveCfg = Release|Any CPU
		{EB98429A-F320-4DBE-9100-93DDF0242DDF}.Release|x86.Build.0 = Release|Any CPU
	EndGlobalSection
	GlobalSection(SolutionProperties) = preSolution
		HideSolutionNode = FALSE
	EndGlobalSection
EndGlobal
